
Microsoft Visual Studio Solution File, Format Version 12.00
# Visual Studio Version 17
VisualStudioVersion = 17.13.35913.81
MinimumVisualStudioVersion = 10.0.40219.1
Project("{FAE04EC0-301F-11D3-BF4B-00C04F79EFBC}") = "GameDevsConnect.Backend.API.User", "GameDevsConnect.Backend.API.User\GameDevsConnect.Backend.API.User.csproj", "{0A1366A5-8DF5-4983-9794-D686A91E5C24}"
EndProject
Project("{FAE04EC0-301F-11D3-BF4B-00C04F79EFBC}") = "GameDevsConnect.Backend.Shared", "GameDevsConnect.Backend.Shared\GameDevsConnect.Backend.Shared.csproj", "{C8DB0AD0-92CB-4237-B419-258A2B19DD73}"
EndProject
Project("{FAE04EC0-301F-11D3-BF4B-00C04F79EFBC}") = "GameDevsConnect.Backend.API.Tag", "GameDevsConnect.Backend.API.Tag\GameDevsConnect.Backend.API.Tag.csproj", "{ECDFA482-DEF8-4EAC-9435-F7C3C8D30F57}"
EndProject
Project("{FAE04EC0-301F-11D3-BF4B-00C04F79EFBC}") = "GameDevsConnect.Backend.API.Request", "GameDevsConnect.Backend.API.Request\GameDevsConnect.Backend.API.Request.csproj", "{C60890DB-5C17-453F-9342-152221A76587}"
EndProject
Project("{FAE04EC0-301F-11D3-BF4B-00C04F79EFBC}") = "GameDevsConnect.Backend.API.Project", "GameDevsConnect.Backend.API.Project\GameDevsConnect.Backend.API.Project.csproj", "{7D7B63B3-4BAB-4C71-B7A5-6A607C00DDF2}"
EndProject
Project("{FAE04EC0-301F-11D3-BF4B-00C04F79EFBC}") = "GameDevsConnect.Backend.API.Notification", "GameDevsConnect.Backend.API.Notification\GameDevsConnect.Backend.API.Notification.csproj", "{25462B90-FC20-4A7B-B1FF-C634C3B0DFF6}"
EndProject
Project("{FAE04EC0-301F-11D3-BF4B-00C04F79EFBC}") = "GameDevsConnect.Backend.API.File", "GameDevsConnect.Backend.API.File\GameDevsConnect.Backend.API.File.csproj", "{328CCF7F-15B0-4717-AA7E-A579173A336D}"
EndProject
Project("{FAE04EC0-301F-11D3-BF4B-00C04F79EFBC}") = "GameDevsConnect.Backend.API.Comment", "GameDevsConnect.Backend.API.Comment\GameDevsConnect.Backend.API.Comment.csproj", "{60D6E55D-BBB6-4644-9655-D33303651570}"
EndProject
Project("{E53339B2-1760-4266-BCC7-CA923CBCF16C}") = "docker-compose", "docker-compose.dcproj", "{81DDED9D-158B-E303-5F62-77A2896D2A5A}"
EndProject
Project("{FAE04EC0-301F-11D3-BF4B-00C04F79EFBC}") = "GameDevsConnect.Backend.API.Azure", "GameDevsConnect.Backend.API.Azure\GameDevsConnect.Backend.API.Azure.csproj", "{59754E2D-6A66-7306-590E-0E9E1162EC63}"
EndProject
Project("{FAE04EC0-301F-11D3-BF4B-00C04F79EFBC}") = "GameDevsConnect.Backend.API.Profile", "GameDevsConnect.Backend.API.Profile\GameDevsConnect.Backend.API.Profile.csproj", "{9E9098E1-FB1D-4331-9DFA-BA5A01627A11}"
EndProject
Project("{FAE04EC0-301F-11D3-BF4B-00C04F79EFBC}") = "GameDevsConnect.Backend.API.Gateway", "GameDevsConnect.Backend.API.Gateway\GameDevsConnect.Backend.API.Gateway.csproj", "{E574A9AA-A8B8-4E50-B6F1-43C526E65718}"
EndProject
Project("{FAE04EC0-301F-11D3-BF4B-00C04F79EFBC}") = "GameDevsConnect.Backend.AppHost", "GameDevsConnect.Backend.AppHost\GameDevsConnect.Backend.AppHost.csproj", "{7F6E10EF-4CDB-480F-99A5-04BD7D3F94EA}"
EndProject
Project("{FAE04EC0-301F-11D3-BF4B-00C04F79EFBC}") = "GameDevsConnect.Backend.ServiceDefaults", "GameDevsConnect.Backend.ServiceDefaults\GameDevsConnect.Backend.ServiceDefaults.csproj", "{4FF2FF9C-0A95-E237-5131-DBF20ED5B20B}"
EndProject
Project("{2150E333-8FDC-42A3-9474-1A3956D46DE8}") = "API", "API", "{02EA681E-C7D8-13C7-8484-4AC65E1B71E8}"
EndProject
Project("{2150E333-8FDC-42A3-9474-1A3956D46DE8}") = "Aspire", "Aspire", "{9EB67A74-26F8-411B-9731-FB8A62798057}"
EndProject
Project("{FAE04EC0-301F-11D3-BF4B-00C04F79EFBC}") = "GameDevsConnect.Backend.API.User.Contract", "GameDevsConnect.Backend.API.User.Contract\GameDevsConnect.Backend.API.User.Contract.csproj", "{57205062-F65B-4BD7-9E4E-F8F429447FE7}"
EndProject
Project("{2150E333-8FDC-42A3-9474-1A3956D46DE8}") = "User", "User", "{4A5FB416-F33A-4391-B16B-207E2E3B7FA0}"
EndProject
Global
	GlobalSection(SolutionConfigurationPlatforms) = preSolution
		Debug|Any CPU = Debug|Any CPU
		Debug|x64 = Debug|x64
		Release|Any CPU = Release|Any CPU
		Release|x64 = Release|x64
	EndGlobalSection
	GlobalSection(ProjectConfigurationPlatforms) = postSolution
		{0A1366A5-8DF5-4983-9794-D686A91E5C24}.Debug|Any CPU.ActiveCfg = Debug|Any CPU
		{0A1366A5-8DF5-4983-9794-D686A91E5C24}.Debug|Any CPU.Build.0 = Debug|Any CPU
		{0A1366A5-8DF5-4983-9794-D686A91E5C24}.Debug|x64.ActiveCfg = Debug|Any CPU
		{0A1366A5-8DF5-4983-9794-D686A91E5C24}.Debug|x64.Build.0 = Debug|Any CPU
		{0A1366A5-8DF5-4983-9794-D686A91E5C24}.Release|Any CPU.ActiveCfg = Release|Any CPU
		{0A1366A5-8DF5-4983-9794-D686A91E5C24}.Release|Any CPU.Build.0 = Release|Any CPU
		{0A1366A5-8DF5-4983-9794-D686A91E5C24}.Release|x64.ActiveCfg = Release|Any CPU
		{0A1366A5-8DF5-4983-9794-D686A91E5C24}.Release|x64.Build.0 = Release|Any CPU
		{C8DB0AD0-92CB-4237-B419-258A2B19DD73}.Debug|Any CPU.ActiveCfg = Debug|Any CPU
		{C8DB0AD0-92CB-4237-B419-258A2B19DD73}.Debug|Any CPU.Build.0 = Debug|Any CPU
		{C8DB0AD0-92CB-4237-B419-258A2B19DD73}.Debug|x64.ActiveCfg = Debug|Any CPU
		{C8DB0AD0-92CB-4237-B419-258A2B19DD73}.Debug|x64.Build.0 = Debug|Any CPU
		{C8DB0AD0-92CB-4237-B419-258A2B19DD73}.Release|Any CPU.ActiveCfg = Release|Any CPU
		{C8DB0AD0-92CB-4237-B419-258A2B19DD73}.Release|Any CPU.Build.0 = Release|Any CPU
		{C8DB0AD0-92CB-4237-B419-258A2B19DD73}.Release|x64.ActiveCfg = Release|Any CPU
		{C8DB0AD0-92CB-4237-B419-258A2B19DD73}.Release|x64.Build.0 = Release|Any CPU
		{ECDFA482-DEF8-4EAC-9435-F7C3C8D30F57}.Debug|Any CPU.ActiveCfg = Debug|Any CPU
		{ECDFA482-DEF8-4EAC-9435-F7C3C8D30F57}.Debug|Any CPU.Build.0 = Debug|Any CPU
		{ECDFA482-DEF8-4EAC-9435-F7C3C8D30F57}.Debug|x64.ActiveCfg = Debug|Any CPU
		{ECDFA482-DEF8-4EAC-9435-F7C3C8D30F57}.Debug|x64.Build.0 = Debug|Any CPU
		{ECDFA482-DEF8-4EAC-9435-F7C3C8D30F57}.Release|Any CPU.ActiveCfg = Release|Any CPU
		{ECDFA482-DEF8-4EAC-9435-F7C3C8D30F57}.Release|Any CPU.Build.0 = Release|Any CPU
		{ECDFA482-DEF8-4EAC-9435-F7C3C8D30F57}.Release|x64.ActiveCfg = Release|Any CPU
		{ECDFA482-DEF8-4EAC-9435-F7C3C8D30F57}.Release|x64.Build.0 = Release|Any CPU
		{C60890DB-5C17-453F-9342-152221A76587}.Debug|Any CPU.ActiveCfg = Debug|Any CPU
		{C60890DB-5C17-453F-9342-152221A76587}.Debug|Any CPU.Build.0 = Debug|Any CPU
		{C60890DB-5C17-453F-9342-152221A76587}.Debug|x64.ActiveCfg = Debug|Any CPU
		{C60890DB-5C17-453F-9342-152221A76587}.Debug|x64.Build.0 = Debug|Any CPU
		{C60890DB-5C17-453F-9342-152221A76587}.Release|Any CPU.ActiveCfg = Release|Any CPU
		{C60890DB-5C17-453F-9342-152221A76587}.Release|Any CPU.Build.0 = Release|Any CPU
		{C60890DB-5C17-453F-9342-152221A76587}.Release|x64.ActiveCfg = Release|Any CPU
		{C60890DB-5C17-453F-9342-152221A76587}.Release|x64.Build.0 = Release|Any CPU
		{7D7B63B3-4BAB-4C71-B7A5-6A607C00DDF2}.Debug|Any CPU.ActiveCfg = Debug|Any CPU
		{7D7B63B3-4BAB-4C71-B7A5-6A607C00DDF2}.Debug|Any CPU.Build.0 = Debug|Any CPU
		{7D7B63B3-4BAB-4C71-B7A5-6A607C00DDF2}.Debug|x64.ActiveCfg = Debug|Any CPU
		{7D7B63B3-4BAB-4C71-B7A5-6A607C00DDF2}.Debug|x64.Build.0 = Debug|Any CPU
		{7D7B63B3-4BAB-4C71-B7A5-6A607C00DDF2}.Release|Any CPU.ActiveCfg = Release|Any CPU
		{7D7B63B3-4BAB-4C71-B7A5-6A607C00DDF2}.Release|Any CPU.Build.0 = Release|Any CPU
		{7D7B63B3-4BAB-4C71-B7A5-6A607C00DDF2}.Release|x64.ActiveCfg = Release|Any CPU
		{7D7B63B3-4BAB-4C71-B7A5-6A607C00DDF2}.Release|x64.Build.0 = Release|Any CPU
		{25462B90-FC20-4A7B-B1FF-C634C3B0DFF6}.Debug|Any CPU.ActiveCfg = Debug|Any CPU
		{25462B90-FC20-4A7B-B1FF-C634C3B0DFF6}.Debug|Any CPU.Build.0 = Debug|Any CPU
		{25462B90-FC20-4A7B-B1FF-C634C3B0DFF6}.Debug|x64.ActiveCfg = Debug|Any CPU
		{25462B90-FC20-4A7B-B1FF-C634C3B0DFF6}.Debug|x64.Build.0 = Debug|Any CPU
		{25462B90-FC20-4A7B-B1FF-C634C3B0DFF6}.Release|Any CPU.ActiveCfg = Release|Any CPU
		{25462B90-FC20-4A7B-B1FF-C634C3B0DFF6}.Release|Any CPU.Build.0 = Release|Any CPU
		{25462B90-FC20-4A7B-B1FF-C634C3B0DFF6}.Release|x64.ActiveCfg = Release|Any CPU
		{25462B90-FC20-4A7B-B1FF-C634C3B0DFF6}.Release|x64.Build.0 = Release|Any CPU
		{328CCF7F-15B0-4717-AA7E-A579173A336D}.Debug|Any CPU.ActiveCfg = Debug|Any CPU
		{328CCF7F-15B0-4717-AA7E-A579173A336D}.Debug|Any CPU.Build.0 = Debug|Any CPU
		{328CCF7F-15B0-4717-AA7E-A579173A336D}.Debug|x64.ActiveCfg = Debug|Any CPU
		{328CCF7F-15B0-4717-AA7E-A579173A336D}.Debug|x64.Build.0 = Debug|Any CPU
		{328CCF7F-15B0-4717-AA7E-A579173A336D}.Release|Any CPU.ActiveCfg = Release|Any CPU
		{328CCF7F-15B0-4717-AA7E-A579173A336D}.Release|Any CPU.Build.0 = Release|Any CPU
		{328CCF7F-15B0-4717-AA7E-A579173A336D}.Release|x64.ActiveCfg = Release|Any CPU
		{328CCF7F-15B0-4717-AA7E-A579173A336D}.Release|x64.Build.0 = Release|Any CPU
		{60D6E55D-BBB6-4644-9655-D33303651570}.Debug|Any CPU.ActiveCfg = Debug|Any CPU
		{60D6E55D-BBB6-4644-9655-D33303651570}.Debug|Any CPU.Build.0 = Debug|Any CPU
		{60D6E55D-BBB6-4644-9655-D33303651570}.Debug|x64.ActiveCfg = Debug|Any CPU
		{60D6E55D-BBB6-4644-9655-D33303651570}.Debug|x64.Build.0 = Debug|Any CPU
		{60D6E55D-BBB6-4644-9655-D33303651570}.Release|Any CPU.ActiveCfg = Release|Any CPU
		{60D6E55D-BBB6-4644-9655-D33303651570}.Release|Any CPU.Build.0 = Release|Any CPU
		{60D6E55D-BBB6-4644-9655-D33303651570}.Release|x64.ActiveCfg = Release|Any CPU
		{60D6E55D-BBB6-4644-9655-D33303651570}.Release|x64.Build.0 = Release|Any CPU
		{81DDED9D-158B-E303-5F62-77A2896D2A5A}.Debug|Any CPU.ActiveCfg = Debug|Any CPU
		{81DDED9D-158B-E303-5F62-77A2896D2A5A}.Debug|Any CPU.Build.0 = Debug|Any CPU
		{81DDED9D-158B-E303-5F62-77A2896D2A5A}.Debug|x64.ActiveCfg = Debug|Any CPU
		{81DDED9D-158B-E303-5F62-77A2896D2A5A}.Debug|x64.Build.0 = Debug|Any CPU
		{81DDED9D-158B-E303-5F62-77A2896D2A5A}.Release|Any CPU.ActiveCfg = Release|Any CPU
		{81DDED9D-158B-E303-5F62-77A2896D2A5A}.Release|Any CPU.Build.0 = Release|Any CPU
		{81DDED9D-158B-E303-5F62-77A2896D2A5A}.Release|x64.ActiveCfg = Release|Any CPU
		{81DDED9D-158B-E303-5F62-77A2896D2A5A}.Release|x64.Build.0 = Release|Any CPU
		{59754E2D-6A66-7306-590E-0E9E1162EC63}.Debug|Any CPU.ActiveCfg = Debug|Any CPU
		{59754E2D-6A66-7306-590E-0E9E1162EC63}.Debug|Any CPU.Build.0 = Debug|Any CPU
		{59754E2D-6A66-7306-590E-0E9E1162EC63}.Debug|x64.ActiveCfg = Debug|Any CPU
		{59754E2D-6A66-7306-590E-0E9E1162EC63}.Debug|x64.Build.0 = Debug|Any CPU
		{59754E2D-6A66-7306-590E-0E9E1162EC63}.Release|Any CPU.ActiveCfg = Release|Any CPU
		{59754E2D-6A66-7306-590E-0E9E1162EC63}.Release|Any CPU.Build.0 = Release|Any CPU
		{59754E2D-6A66-7306-590E-0E9E1162EC63}.Release|x64.ActiveCfg = Release|Any CPU
		{59754E2D-6A66-7306-590E-0E9E1162EC63}.Release|x64.Build.0 = Release|Any CPU
		{9E9098E1-FB1D-4331-9DFA-BA5A01627A11}.Debug|Any CPU.ActiveCfg = Debug|Any CPU
		{9E9098E1-FB1D-4331-9DFA-BA5A01627A11}.Debug|Any CPU.Build.0 = Debug|Any CPU
		{9E9098E1-FB1D-4331-9DFA-BA5A01627A11}.Debug|x64.ActiveCfg = Debug|Any CPU
		{9E9098E1-FB1D-4331-9DFA-BA5A01627A11}.Debug|x64.Build.0 = Debug|Any CPU
		{9E9098E1-FB1D-4331-9DFA-BA5A01627A11}.Release|Any CPU.ActiveCfg = Release|Any CPU
		{9E9098E1-FB1D-4331-9DFA-BA5A01627A11}.Release|Any CPU.Build.0 = Release|Any CPU
		{9E9098E1-FB1D-4331-9DFA-BA5A01627A11}.Release|x64.ActiveCfg = Release|Any CPU
		{9E9098E1-FB1D-4331-9DFA-BA5A01627A11}.Release|x64.Build.0 = Release|Any CPU
		{E574A9AA-A8B8-4E50-B6F1-43C526E65718}.Debug|Any CPU.ActiveCfg = Debug|Any CPU
		{E574A9AA-A8B8-4E50-B6F1-43C526E65718}.Debug|Any CPU.Build.0 = Debug|Any CPU
		{E574A9AA-A8B8-4E50-B6F1-43C526E65718}.Debug|x64.ActiveCfg = Debug|Any CPU
		{E574A9AA-A8B8-4E50-B6F1-43C526E65718}.Debug|x64.Build.0 = Debug|Any CPU
		{E574A9AA-A8B8-4E50-B6F1-43C526E65718}.Release|Any CPU.ActiveCfg = Release|Any CPU
		{E574A9AA-A8B8-4E50-B6F1-43C526E65718}.Release|Any CPU.Build.0 = Release|Any CPU
		{E574A9AA-A8B8-4E50-B6F1-43C526E65718}.Release|x64.ActiveCfg = Release|Any CPU
		{E574A9AA-A8B8-4E50-B6F1-43C526E65718}.Release|x64.Build.0 = Release|Any CPU
		{7F6E10EF-4CDB-480F-99A5-04BD7D3F94EA}.Debug|Any CPU.ActiveCfg = Debug|Any CPU
		{7F6E10EF-4CDB-480F-99A5-04BD7D3F94EA}.Debug|Any CPU.Build.0 = Debug|Any CPU
		{7F6E10EF-4CDB-480F-99A5-04BD7D3F94EA}.Debug|x64.ActiveCfg = Debug|Any CPU
		{7F6E10EF-4CDB-480F-99A5-04BD7D3F94EA}.Debug|x64.Build.0 = Debug|Any CPU
		{7F6E10EF-4CDB-480F-99A5-04BD7D3F94EA}.Release|Any CPU.ActiveCfg = Release|Any CPU
		{7F6E10EF-4CDB-480F-99A5-04BD7D3F94EA}.Release|Any CPU.Build.0 = Release|Any CPU
		{7F6E10EF-4CDB-480F-99A5-04BD7D3F94EA}.Release|x64.ActiveCfg = Release|Any CPU
		{7F6E10EF-4CDB-480F-99A5-04BD7D3F94EA}.Release|x64.Build.0 = Release|Any CPU
		{4FF2FF9C-0A95-E237-5131-DBF20ED5B20B}.Debug|Any CPU.ActiveCfg = Debug|Any CPU
		{4FF2FF9C-0A95-E237-5131-DBF20ED5B20B}.Debug|Any CPU.Build.0 = Debug|Any CPU
		{4FF2FF9C-0A95-E237-5131-DBF20ED5B20B}.Debug|x64.ActiveCfg = Debug|Any CPU
		{4FF2FF9C-0A95-E237-5131-DBF20ED5B20B}.Debug|x64.Build.0 = Debug|Any CPU
		{4FF2FF9C-0A95-E237-5131-DBF20ED5B20B}.Release|Any CPU.ActiveCfg = Release|Any CPU
		{4FF2FF9C-0A95-E237-5131-DBF20ED5B20B}.Release|Any CPU.Build.0 = Release|Any CPU
		{4FF2FF9C-0A95-E237-5131-DBF20ED5B20B}.Release|x64.ActiveCfg = Release|Any CPU
		{4FF2FF9C-0A95-E237-5131-DBF20ED5B20B}.Release|x64.Build.0 = Release|Any CPU
		{57205062-F65B-4BD7-9E4E-F8F429447FE7}.Debug|Any CPU.ActiveCfg = Debug|Any CPU
		{57205062-F65B-4BD7-9E4E-F8F429447FE7}.Debug|Any CPU.Build.0 = Debug|Any CPU
		{57205062-F65B-4BD7-9E4E-F8F429447FE7}.Debug|x64.ActiveCfg = Debug|Any CPU
		{57205062-F65B-4BD7-9E4E-F8F429447FE7}.Debug|x64.Build.0 = Debug|Any CPU
		{57205062-F65B-4BD7-9E4E-F8F429447FE7}.Release|Any CPU.ActiveCfg = Release|Any CPU
		{57205062-F65B-4BD7-9E4E-F8F429447FE7}.Release|Any CPU.Build.0 = Release|Any CPU
		{57205062-F65B-4BD7-9E4E-F8F429447FE7}.Release|x64.ActiveCfg = Release|Any CPU
		{57205062-F65B-4BD7-9E4E-F8F429447FE7}.Release|x64.Build.0 = Release|Any CPU
	EndGlobalSection
	GlobalSection(SolutionProperties) = preSolution
		HideSolutionNode = FALSE
	EndGlobalSection
	GlobalSection(NestedProjects) = preSolution
		{0A1366A5-8DF5-4983-9794-D686A91E5C24} = {4A5FB416-F33A-4391-B16B-207E2E3B7FA0}
		{ECDFA482-DEF8-4EAC-9435-F7C3C8D30F57} = {02EA681E-C7D8-13C7-8484-4AC65E1B71E8}
		{C60890DB-5C17-453F-9342-152221A76587} = {02EA681E-C7D8-13C7-8484-4AC65E1B71E8}
		{7D7B63B3-4BAB-4C71-B7A5-6A607C00DDF2} = {02EA681E-C7D8-13C7-8484-4AC65E1B71E8}
		{25462B90-FC20-4A7B-B1FF-C634C3B0DFF6} = {02EA681E-C7D8-13C7-8484-4AC65E1B71E8}
		{328CCF7F-15B0-4717-AA7E-A579173A336D} = {02EA681E-C7D8-13C7-8484-4AC65E1B71E8}
		{60D6E55D-BBB6-4644-9655-D33303651570} = {02EA681E-C7D8-13C7-8484-4AC65E1B71E8}
		{59754E2D-6A66-7306-590E-0E9E1162EC63} = {02EA681E-C7D8-13C7-8484-4AC65E1B71E8}
		{9E9098E1-FB1D-4331-9DFA-BA5A01627A11} = {02EA681E-C7D8-13C7-8484-4AC65E1B71E8}
		{E574A9AA-A8B8-4E50-B6F1-43C526E65718} = {02EA681E-C7D8-13C7-8484-4AC65E1B71E8}
		{7F6E10EF-4CDB-480F-99A5-04BD7D3F94EA} = {9EB67A74-26F8-411B-9731-FB8A62798057}
		{4FF2FF9C-0A95-E237-5131-DBF20ED5B20B} = {9EB67A74-26F8-411B-9731-FB8A62798057}
		{57205062-F65B-4BD7-9E4E-F8F429447FE7} = {4A5FB416-F33A-4391-B16B-207E2E3B7FA0}
		{4A5FB416-F33A-4391-B16B-207E2E3B7FA0} = {02EA681E-C7D8-13C7-8484-4AC65E1B71E8}
	EndGlobalSection
	GlobalSection(ExtensibilityGlobals) = postSolution
		SolutionGuid = {00006704-EF7C-43B8-9BCA-261362B9DE2B}
	EndGlobalSection
EndGlobal
