Microsoft Visual Studio Solution File, Format Version 12.00
# Visual Studio Version 17
VisualStudioVersion = 17.5.2.0
MinimumVisualStudioVersion = 10.0.40219.1
Project("{FAE04EC0-301F-11D3-BF4B-00C04F79EFBC}") = "GameDevsConnect.Backend.AppHost", "GameDevsConnect.Backend.AppHost.csproj", "{4731E745-FEC2-81B9-15AE-47C647D0AA13}"
EndProject
Global
	GlobalSection(SolutionConfigurationPlatforms) = preSolution
		Debug|Any CPU = Debug|Any CPU
		Release|Any CPU = Release|Any CPU
	EndGlobalSection
	GlobalSection(ProjectConfigurationPlatforms) = postSolution
		{4731E745-FEC2-81B9-15AE-47C647D0AA13}.Debug|Any CPU.ActiveCfg = Debug|Any CPU
		{4731E745-FEC2-81B9-15AE-47C647D0AA13}.Debug|Any CPU.Build.0 = Debug|Any CPU
		{4731E745-FEC2-81B9-15AE-47C647D0AA13}.Release|Any CPU.ActiveCfg = Release|Any CPU
		{4731E745-FEC2-81B9-15AE-47C647D0AA13}.Release|Any CPU.Build.0 = Release|Any CPU
	EndGlobalSection
	GlobalSection(SolutionProperties) = preSolution
		HideSolutionNode = FALSE
	EndGlobalSection
	GlobalSection(ExtensibilityGlobals) = postSolution
		SolutionGuid = {A47999A1-0B63-439D-87F9-7D641EB9D671}
	EndGlobalSection
EndGlobal
